// !$*UTF8*$!
{
	archiveVersion = 1;
	classes = {
	};
	objectVersion = 56;
	objects = {

/* Begin PBXBuildFile section */
		C53048232AC2822F003738A6 /* SettingsView.swift in Sources */ = {isa = PBXBuildFile; fileRef = C53048222AC2822F003738A6 /* SettingsView.swift */; };
		C55154BA2AC2FD0400C6F9AE /* TutorialView.swift in Sources */ = {isa = PBXBuildFile; fileRef = C55154B92AC2FD0400C6F9AE /* TutorialView.swift */; };
		C55E23D42AC4597100F0ABAD /* StopwatchView.swift in Sources */ = {isa = PBXBuildFile; fileRef = C55E23D32AC4597100F0ABAD /* StopwatchView.swift */; };
		C55E23D62AC463C200F0ABAD /* MainView.swift in Sources */ = {isa = PBXBuildFile; fileRef = C55E23D52AC463C200F0ABAD /* MainView.swift */; };
		C57AE2A42AF3C17E002801B3 /* Quantum.mp4 in Resources */ = {isa = PBXBuildFile; fileRef = C57AE2A32AF3C17D002801B3 /* Quantum.mp4 */; };
		C57AE2A62AF3C563002801B3 /* Cyberpulse.mp4 in Resources */ = {isa = PBXBuildFile; fileRef = C57AE2A52AF3C563002801B3 /* Cyberpulse.mp4 */; };
		C58CFD3B2AC13C1D007D76F2 /* foculasticsApp.swift in Sources */ = {isa = PBXBuildFile; fileRef = C58CFD3A2AC13C1D007D76F2 /* foculasticsApp.swift */; };
		C58CFD3D2AC13C1D007D76F2 /* TimerView.swift in Sources */ = {isa = PBXBuildFile; fileRef = C58CFD3C2AC13C1D007D76F2 /* TimerView.swift */; };
		C58CFD3F2AC13C1F007D76F2 /* Assets.xcassets in Resources */ = {isa = PBXBuildFile; fileRef = C58CFD3E2AC13C1F007D76F2 /* Assets.xcassets */; };
		C58CFD422AC13C1F007D76F2 /* Preview Assets.xcassets in Resources */ = {isa = PBXBuildFile; fileRef = C58CFD412AC13C1F007D76F2 /* Preview Assets.xcassets */; };
		C58CFD442AC13C1F007D76F2 /* Persistence.swift in Sources */ = {isa = PBXBuildFile; fileRef = C58CFD432AC13C1F007D76F2 /* Persistence.swift */; };
		C58CFD472AC13C1F007D76F2 /* foculastics.xcdatamodeld in Sources */ = {isa = PBXBuildFile; fileRef = C58CFD452AC13C1F007D76F2 /* foculastics.xcdatamodeld */; };
		C5B2EE442AE17D1E00E36350 /* AppDelegate.swift in Sources */ = {isa = PBXBuildFile; fileRef = C5B2EE432AE17D1E00E36350 /* AppDelegate.swift */; };
		C5B2EE462AE2AFFD00E36350 /* Animations.swift in Sources */ = {isa = PBXBuildFile; fileRef = C5B2EE452AE2AFFD00E36350 /* Animations.swift */; };
/* End PBXBuildFile section */

/* Begin PBXFileReference section */
		C53048222AC2822F003738A6 /* SettingsView.swift */ = {isa = PBXFileReference; lastKnownFileType = sourcecode.swift; path = SettingsView.swift; sourceTree = "<group>"; };
		C55154B92AC2FD0400C6F9AE /* TutorialView.swift */ = {isa = PBXFileReference; lastKnownFileType = sourcecode.swift; path = TutorialView.swift; sourceTree = "<group>"; };
		C55615082ACD9D4B00984EC2 /* Info.plist */ = {isa = PBXFileReference; lastKnownFileType = text.plist; path = Info.plist; sourceTree = "<group>"; };
		C55E23D32AC4597100F0ABAD /* StopwatchView.swift */ = {isa = PBXFileReference; lastKnownFileType = sourcecode.swift; path = StopwatchView.swift; sourceTree = "<group>"; };
		C55E23D52AC463C200F0ABAD /* MainView.swift */ = {isa = PBXFileReference; lastKnownFileType = sourcecode.swift; path = MainView.swift; sourceTree = "<group>"; };
		C57AE2A32AF3C17D002801B3 /* Quantum.mp4 */ = {isa = PBXFileReference; lastKnownFileType = file; name = Quantum.mp4; path = ../../../../Downloads/Quantum.mp4; sourceTree = "<group>"; };
		C57AE2A52AF3C563002801B3 /* Cyberpulse.mp4 */ = {isa = PBXFileReference; lastKnownFileType = file; name = Cyberpulse.mp4; path = ../../../../Downloads/Cyberpulse.mp4; sourceTree = "<group>"; };
		C58CFD372AC13C1D007D76F2 /* foculastics.app */ = {isa = PBXFileReference; explicitFileType = wrapper.application; includeInIndex = 0; path = foculastics.app; sourceTree = BUILT_PRODUCTS_DIR; };
		C58CFD3A2AC13C1D007D76F2 /* foculasticsApp.swift */ = {isa = PBXFileReference; lastKnownFileType = sourcecode.swift; path = foculasticsApp.swift; sourceTree = "<group>"; };
		C58CFD3C2AC13C1D007D76F2 /* TimerView.swift */ = {isa = PBXFileReference; lastKnownFileType = sourcecode.swift; path = TimerView.swift; sourceTree = "<group>"; };
		C58CFD3E2AC13C1F007D76F2 /* Assets.xcassets */ = {isa = PBXFileReference; lastKnownFileType = folder.assetcatalog; path = Assets.xcassets; sourceTree = "<group>"; };
		C58CFD412AC13C1F007D76F2 /* Preview Assets.xcassets */ = {isa = PBXFileReference; lastKnownFileType = folder.assetcatalog; path = "Preview Assets.xcassets"; sourceTree = "<group>"; };
		C58CFD432AC13C1F007D76F2 /* Persistence.swift */ = {isa = PBXFileReference; lastKnownFileType = sourcecode.swift; path = Persistence.swift; sourceTree = "<group>"; };
		C58CFD462AC13C1F007D76F2 /* foculastics.xcdatamodel */ = {isa = PBXFileReference; lastKnownFileType = wrapper.xcdatamodel; path = foculastics.xcdatamodel; sourceTree = "<group>"; };
		C5B2EE432AE17D1E00E36350 /* AppDelegate.swift */ = {isa = PBXFileReference; lastKnownFileType = sourcecode.swift; path = AppDelegate.swift; sourceTree = "<group>"; };
		C5B2EE452AE2AFFD00E36350 /* Animations.swift */ = {isa = PBXFileReference; lastKnownFileType = sourcecode.swift; name = Animations.swift; path = ../Animations.swift; sourceTree = "<group>"; };
		C5D6238F2AC85D070091CB58 /* MetalKit.framework */ = {isa = PBXFileReference; lastKnownFileType = wrapper.framework; name = MetalKit.framework; path = System/Library/Frameworks/MetalKit.framework; sourceTree = SDKROOT; };
		C5D623912AC85D110091CB58 /* Metal.framework */ = {isa = PBXFileReference; lastKnownFileType = wrapper.framework; name = Metal.framework; path = System/Library/Frameworks/Metal.framework; sourceTree = SDKROOT; };
/* End PBXFileReference section */

/* Begin PBXFrameworksBuildPhase section */
		C58CFD342AC13C1D007D76F2 /* Frameworks */ = {
			isa = PBXFrameworksBuildPhase;
			buildActionMask = 2147483647;
			files = (
			);
			runOnlyForDeploymentPostprocessing = 0;
		};
/* End PBXFrameworksBuildPhase section */

/* Begin PBXGroup section */
		C58CFD2E2AC13C1D007D76F2 = {
			isa = PBXGroup;
			children = (
				C58CFD392AC13C1D007D76F2 /* foculastics */,
				C58CFD382AC13C1D007D76F2 /* Products */,
				C5D6238E2AC85D070091CB58 /* Frameworks */,
			);
			sourceTree = "<group>";
		};
		C58CFD382AC13C1D007D76F2 /* Products */ = {
			isa = PBXGroup;
			children = (
				C58CFD372AC13C1D007D76F2 /* foculastics.app */,
			);
			name = Products;
			sourceTree = "<group>";
		};
		C58CFD392AC13C1D007D76F2 /* foculastics */ = {
			isa = PBXGroup;
			children = (
				C55E23D32AC4597100F0ABAD /* StopwatchView.swift */,
				C58CFD3C2AC13C1D007D76F2 /* TimerView.swift */,
				C5B2EE452AE2AFFD00E36350 /* Animations.swift */,
				C58CFD3E2AC13C1F007D76F2 /* Assets.xcassets */,
				C55615082ACD9D4B00984EC2 /* Info.plist */,
				C5B2EE432AE17D1E00E36350 /* AppDelegate.swift */,
				C53048222AC2822F003738A6 /* SettingsView.swift */,
				C55154B92AC2FD0400C6F9AE /* TutorialView.swift */,
				C55E23D52AC463C200F0ABAD /* MainView.swift */,
				C58CFD432AC13C1F007D76F2 /* Persistence.swift */,
				C58CFD3A2AC13C1D007D76F2 /* foculasticsApp.swift */,
				C58CFD452AC13C1F007D76F2 /* foculastics.xcdatamodeld */,
				C57AE2A32AF3C17D002801B3 /* Quantum.mp4 */,
				C57AE2A52AF3C563002801B3 /* Cyberpulse.mp4 */,
				C58CFD402AC13C1F007D76F2 /* Preview Content */,
			);
			path = foculastics;
			sourceTree = "<group>";
		};
		C58CFD402AC13C1F007D76F2 /* Preview Content */ = {
			isa = PBXGroup;
			children = (
				C58CFD412AC13C1F007D76F2 /* Preview Assets.xcassets */,
			);
			path = "Preview Content";
			sourceTree = "<group>";
		};
		C5D6238E2AC85D070091CB58 /* Frameworks */ = {
			isa = PBXGroup;
			children = (
				C5D623912AC85D110091CB58 /* Metal.framework */,
				C5D6238F2AC85D070091CB58 /* MetalKit.framework */,
			);
			name = Frameworks;
			sourceTree = "<group>";
		};
/* End PBXGroup section */

/* Begin PBXNativeTarget section */
		C58CFD362AC13C1D007D76F2 /* foculastics */ = {
			isa = PBXNativeTarget;
			buildConfigurationList = C58CFD4A2AC13C1F007D76F2 /* Build configuration list for PBXNativeTarget "foculastics" */;
			buildPhases = (
				C58CFD332AC13C1D007D76F2 /* Sources */,
				C58CFD342AC13C1D007D76F2 /* Frameworks */,
				C58CFD352AC13C1D007D76F2 /* Resources */,
			);
			buildRules = (
			);
			dependencies = (
			);
			name = foculastics;
			productName = foculastics;
			productReference = C58CFD372AC13C1D007D76F2 /* foculastics.app */;
			productType = "com.apple.product-type.application";
		};
/* End PBXNativeTarget section */

/* Begin PBXProject section */
		C58CFD2F2AC13C1D007D76F2 /* Project object */ = {
			isa = PBXProject;
			attributes = {
				BuildIndependentTargetsInParallel = 1;
				LastSwiftUpdateCheck = 1500;
				LastUpgradeCheck = 1500;
				TargetAttributes = {
					C58CFD362AC13C1D007D76F2 = {
						CreatedOnToolsVersion = 15.0;
					};
				};
			};
			buildConfigurationList = C58CFD322AC13C1D007D76F2 /* Build configuration list for PBXProject "foculastics" */;
			compatibilityVersion = "Xcode 14.0";
			developmentRegion = en;
			hasScannedForEncodings = 0;
			knownRegions = (
				en,
				Base,
			);
			mainGroup = C58CFD2E2AC13C1D007D76F2;
			productRefGroup = C58CFD382AC13C1D007D76F2 /* Products */;
			projectDirPath = "";
			projectRoot = "";
			targets = (
				C58CFD362AC13C1D007D76F2 /* foculastics */,
			);
		};
/* End PBXProject section */

/* Begin PBXResourcesBuildPhase section */
		C58CFD352AC13C1D007D76F2 /* Resources */ = {
			isa = PBXResourcesBuildPhase;
			buildActionMask = 2147483647;
			files = (
				C57AE2A42AF3C17E002801B3 /* Quantum.mp4 in Resources */,
				C58CFD422AC13C1F007D76F2 /* Preview Assets.xcassets in Resources */,
				C58CFD3F2AC13C1F007D76F2 /* Assets.xcassets in Resources */,
				C57AE2A62AF3C563002801B3 /* Cyberpulse.mp4 in Resources */,
			);
			runOnlyForDeploymentPostprocessing = 0;
		};
/* End PBXResourcesBuildPhase section */

/* Begin PBXSourcesBuildPhase section */
		C58CFD332AC13C1D007D76F2 /* Sources */ = {
			isa = PBXSourcesBuildPhase;
			buildActionMask = 2147483647;
			files = (
				C55154BA2AC2FD0400C6F9AE /* TutorialView.swift in Sources */,
				C55E23D62AC463C200F0ABAD /* MainView.swift in Sources */,
				C53048232AC2822F003738A6 /* SettingsView.swift in Sources */,
				C5B2EE442AE17D1E00E36350 /* AppDelegate.swift in Sources */,
				C58CFD472AC13C1F007D76F2 /* foculastics.xcdatamodeld in Sources */,
				C58CFD442AC13C1F007D76F2 /* Persistence.swift in Sources */,
				C5B2EE462AE2AFFD00E36350 /* Animations.swift in Sources */,
				C58CFD3D2AC13C1D007D76F2 /* TimerView.swift in Sources */,
				C58CFD3B2AC13C1D007D76F2 /* foculasticsApp.swift in Sources */,
				C55E23D42AC4597100F0ABAD /* StopwatchView.swift in Sources */,
			);
			runOnlyForDeploymentPostprocessing = 0;
		};
/* End PBXSourcesBuildPhase section */

/* Begin XCBuildConfiguration section */
		C58CFD482AC13C1F007D76F2 /* Debug */ = {
			isa = XCBuildConfiguration;
			buildSettings = {
				ALWAYS_SEARCH_USER_PATHS = NO;
				ASSETCATALOG_COMPILER_GENERATE_SWIFT_ASSET_SYMBOL_EXTENSIONS = YES;
				CLANG_ANALYZER_NONNULL = YES;
				CLANG_ANALYZER_NUMBER_OBJECT_CONVERSION = YES_AGGRESSIVE;
				CLANG_CXX_LANGUAGE_STANDARD = "gnu++20";
				CLANG_ENABLE_MODULES = YES;
				CLANG_ENABLE_OBJC_ARC = YES;
				CLANG_ENABLE_OBJC_WEAK = YES;
				CLANG_WARN_BLOCK_CAPTURE_AUTORELEASING = YES;
				CLANG_WARN_BOOL_CONVERSION = YES;
				CLANG_WARN_COMMA = YES;
				CLANG_WARN_CONSTANT_CONVERSION = YES;
				CLANG_WARN_DEPRECATED_OBJC_IMPLEMENTATIONS = YES;
				CLANG_WARN_DIRECT_OBJC_ISA_USAGE = YES_ERROR;
				CLANG_WARN_DOCUMENTATION_COMMENTS = YES;
				CLANG_WARN_EMPTY_BODY = YES;
				CLANG_WARN_ENUM_CONVERSION = YES;
				CLANG_WARN_INFINITE_RECURSION = YES;
				CLANG_WARN_INT_CONVERSION = YES;
				CLANG_WARN_NON_LITERAL_NULL_CONVERSION = YES;
				CLANG_WARN_OBJC_IMPLICIT_RETAIN_SELF = YES;
				CLANG_WARN_OBJC_LITERAL_CONVERSION = YES;
				CLANG_WARN_OBJC_ROOT_CLASS = YES_ERROR;
				CLANG_WARN_QUOTED_INCLUDE_IN_FRAMEWORK_HEADER = YES;
				CLANG_WARN_RANGE_LOOP_ANALYSIS = YES;
				CLANG_WARN_STRICT_PROTOTYPES = YES;
				CLANG_WARN_SUSPICIOUS_MOVE = YES;
				CLANG_WARN_UNGUARDED_AVAILABILITY = YES_AGGRESSIVE;
				CLANG_WARN_UNREACHABLE_CODE = YES;
				CLANG_WARN__DUPLICATE_METHOD_MATCH = YES;
				COPY_PHASE_STRIP = NO;
				DEBUG_INFORMATION_FORMAT = dwarf;
				ENABLE_STRICT_OBJC_MSGSEND = YES;
				ENABLE_TESTABILITY = YES;
				ENABLE_USER_SCRIPT_SANDBOXING = YES;
				GCC_C_LANGUAGE_STANDARD = gnu17;
				GCC_DYNAMIC_NO_PIC = NO;
				GCC_NO_COMMON_BLOCKS = YES;
				GCC_OPTIMIZATION_LEVEL = 0;
				GCC_PREPROCESSOR_DEFINITIONS = (
					"DEBUG=1",
					"$(inherited)",
				);
				GCC_WARN_64_TO_32_BIT_CONVERSION = YES;
				GCC_WARN_ABOUT_RETURN_TYPE = YES_ERROR;
				GCC_WARN_UNDECLARED_SELECTOR = YES;
				GCC_WARN_UNINITIALIZED_AUTOS = YES_AGGRESSIVE;
				GCC_WARN_UNUSED_FUNCTION = YES;
				GCC_WARN_UNUSED_VARIABLE = YES;
				IPHONEOS_DEPLOYMENT_TARGET = 15.0;
				LOCALIZATION_PREFERS_STRING_CATALOGS = YES;
				MTL_ENABLE_DEBUG_INFO = INCLUDE_SOURCE;
				MTL_FAST_MATH = YES;
				ONLY_ACTIVE_ARCH = YES;
				SDKROOT = iphoneos;
				SWIFT_ACTIVE_COMPILATION_CONDITIONS = "DEBUG $(inherited)";
				SWIFT_OPTIMIZATION_LEVEL = "-Onone";
			};
			name = Debug;
		};
		C58CFD492AC13C1F007D76F2 /* Release */ = {
			isa = XCBuildConfiguration;
			buildSettings = {
				ALWAYS_SEARCH_USER_PATHS = NO;
				ASSETCATALOG_COMPILER_GENERATE_SWIFT_ASSET_SYMBOL_EXTENSIONS = YES;
				CLANG_ANALYZER_NONNULL = YES;
				CLANG_ANALYZER_NUMBER_OBJECT_CONVERSION = YES_AGGRESSIVE;
				CLANG_CXX_LANGUAGE_STANDARD = "gnu++20";
				CLANG_ENABLE_MODULES = YES;
				CLANG_ENABLE_OBJC_ARC = YES;
				CLANG_ENABLE_OBJC_WEAK = YES;
				CLANG_WARN_BLOCK_CAPTURE_AUTORELEASING = YES;
				CLANG_WARN_BOOL_CONVERSION = YES;
				CLANG_WARN_COMMA = YES;
				CLANG_WARN_CONSTANT_CONVERSION = YES;
				CLANG_WARN_DEPRECATED_OBJC_IMPLEMENTATIONS = YES;
				CLANG_WARN_DIRECT_OBJC_ISA_USAGE = YES_ERROR;
				CLANG_WARN_DOCUMENTATION_COMMENTS = YES;
				CLANG_WARN_EMPTY_BODY = YES;
				CLANG_WARN_ENUM_CONVERSION = YES;
				CLANG_WARN_INFINITE_RECURSION = YES;
				CLANG_WARN_INT_CONVERSION = YES;
				CLANG_WARN_NON_LITERAL_NULL_CONVERSION = YES;
				CLANG_WARN_OBJC_IMPLICIT_RETAIN_SELF = YES;
				CLANG_WARN_OBJC_LITERAL_CONVERSION = YES;
				CLANG_WARN_OBJC_ROOT_CLASS = YES_ERROR;
				CLANG_WARN_QUOTED_INCLUDE_IN_FRAMEWORK_HEADER = YES;
				CLANG_WARN_RANGE_LOOP_ANALYSIS = YES;
				CLANG_WARN_STRICT_PROTOTYPES = YES;
				CLANG_WARN_SUSPICIOUS_MOVE = YES;
				CLANG_WARN_UNGUARDED_AVAILABILITY = YES_AGGRESSIVE;
				CLANG_WARN_UNREACHABLE_CODE = YES;
				CLANG_WARN__DUPLICATE_METHOD_MATCH = YES;
				COPY_PHASE_STRIP = NO;
				DEBUG_INFORMATION_FORMAT = "dwarf-with-dsym";
				ENABLE_NS_ASSERTIONS = NO;
				ENABLE_STRICT_OBJC_MSGSEND = YES;
				ENABLE_USER_SCRIPT_SANDBOXING = YES;
				GCC_C_LANGUAGE_STANDARD = gnu17;
				GCC_NO_COMMON_BLOCKS = YES;
				GCC_WARN_64_TO_32_BIT_CONVERSION = YES;
				GCC_WARN_ABOUT_RETURN_TYPE = YES_ERROR;
				GCC_WARN_UNDECLARED_SELECTOR = YES;
				GCC_WARN_UNINITIALIZED_AUTOS = YES_AGGRESSIVE;
				GCC_WARN_UNUSED_FUNCTION = YES;
				GCC_WARN_UNUSED_VARIABLE = YES;
				IPHONEOS_DEPLOYMENT_TARGET = 15.0;
				LOCALIZATION_PREFERS_STRING_CATALOGS = YES;
				MTL_ENABLE_DEBUG_INFO = NO;
				MTL_FAST_MATH = YES;
				SDKROOT = iphoneos;
				SWIFT_COMPILATION_MODE = wholemodule;
				VALIDATE_PRODUCT = YES;
			};
			name = Release;
		};
		C58CFD4B2AC13C1F007D76F2 /* Debug */ = {
			isa = XCBuildConfiguration;
			buildSettings = {
				ASSETCATALOG_COMPILER_APPICON_NAME = AppIcon;
				ASSETCATALOG_COMPILER_GLOBAL_ACCENT_COLOR_NAME = AccentColor;
				CODE_SIGN_STYLE = Automatic;
				CURRENT_PROJECT_VERSION = 1;
				DEVELOPMENT_ASSET_PATHS = "\"foculastics/Preview Content\"";
				DEVELOPMENT_TEAM = 83DTRQ68V6;
				ENABLE_PREVIEWS = YES;
				GENERATE_INFOPLIST_FILE = YES;
				INFOPLIST_FILE = foculastics/Info.plist;
				INFOPLIST_KEY_UIApplicationSceneManifest_Generation = YES;
				INFOPLIST_KEY_UIApplicationSupportsIndirectInputEvents = YES;
				INFOPLIST_KEY_UILaunchScreen_Generation = YES;
				INFOPLIST_KEY_UISupportedInterfaceOrientations_iPad = "UIInterfaceOrientationPortrait UIInterfaceOrientationPortraitUpsideDown UIInterfaceOrientationLandscapeLeft UIInterfaceOrientationLandscapeRight";
				INFOPLIST_KEY_UISupportedInterfaceOrientations_iPhone = "UIInterfaceOrientationPortrait UIInterfaceOrientationLandscapeLeft UIInterfaceOrientationLandscapeRight";
				LD_RUNPATH_SEARCH_PATHS = (
					"$(inherited)",
					"@executable_path/Frameworks",
				);
				MARKETING_VERSION = 1.0;
				PRODUCT_BUNDLE_IDENTIFIER = com.foculastics;
				PRODUCT_NAME = "$(TARGET_NAME)";
				SWIFT_EMIT_LOC_STRINGS = YES;
				SWIFT_VERSION = 5.0;
				TARGETED_DEVICE_FAMILY = "1,2";
			};
			name = Debug;
		};
		C58CFD4C2AC13C1F007D76F2 /* Release */ = {
			isa = XCBuildConfiguration;
			buildSettings = {
				ASSETCATALOG_COMPILER_APPICON_NAME = AppIcon;
				ASSETCATALOG_COMPILER_GLOBAL_ACCENT_COLOR_NAME = AccentColor;
				CODE_SIGN_STYLE = Automatic;
				CURRENT_PROJECT_VERSION = 1;
				DEVELOPMENT_ASSET_PATHS = "\"foculastics/Preview Content\"";
				DEVELOPMENT_TEAM = 83DTRQ68V6;
				ENABLE_PREVIEWS = YES;
				GENERATE_INFOPLIST_FILE = YES;
				INFOPLIST_FILE = foculastics/Info.plist;
				INFOPLIST_KEY_UIApplicationSceneManifest_Generation = YES;
				INFOPLIST_KEY_UIApplicationSupportsIndirectInputEvents = YES;
				INFOPLIST_KEY_UILaunchScreen_Generation = YES;
				INFOPLIST_KEY_UISupportedInterfaceOrientations_iPad = "UIInterfaceOrientationPortrait UIInterfaceOrientationPortraitUpsideDown UIInterfaceOrientationLandscapeLeft UIInterfaceOrientationLandscapeRight";
				INFOPLIST_KEY_UISupportedInterfaceOrientations_iPhone = "UIInterfaceOrientationPortrait UIInterfaceOrientationLandscapeLeft UIInterfaceOrientationLandscapeRight";
				LD_RUNPATH_SEARCH_PATHS = (
					"$(inherited)",
					"@executable_path/Frameworks",
				);
				MARKETING_VERSION = 1.0;
				PRODUCT_BUNDLE_IDENTIFIER = com.foculastics;
				PRODUCT_NAME = "$(TARGET_NAME)";
				SWIFT_EMIT_LOC_STRINGS = YES;
				SWIFT_VERSION = 5.0;
				TARGETED_DEVICE_FAMILY = "1,2";
			};
			name = Release;
		};
/* End XCBuildConfiguration section */

/* Begin XCConfigurationList section */
		C58CFD322AC13C1D007D76F2 /* Build configuration list for PBXProject "foculastics" */ = {
			isa = XCConfigurationList;
			buildConfigurations = (
				C58CFD482AC13C1F007D76F2 /* Debug */,
				C58CFD492AC13C1F007D76F2 /* Release */,
			);
			defaultConfigurationIsVisible = 0;
			defaultConfigurationName = Release;
		};
		C58CFD4A2AC13C1F007D76F2 /* Build configuration list for PBXNativeTarget "foculastics" */ = {
			isa = XCConfigurationList;
			buildConfigurations = (
				C58CFD4B2AC13C1F007D76F2 /* Debug */,
				C58CFD4C2AC13C1F007D76F2 /* Release */,
			);
			defaultConfigurationIsVisible = 0;
			defaultConfigurationName = Release;
		};
/* End XCConfigurationList section */

/* Begin XCVersionGroup section */
		C58CFD452AC13C1F007D76F2 /* foculastics.xcdatamodeld */ = {
			isa = XCVersionGroup;
			children = (
				C58CFD462AC13C1F007D76F2 /* foculastics.xcdatamodel */,
			);
			currentVersion = C58CFD462AC13C1F007D76F2 /* foculastics.xcdatamodel */;
			path = foculastics.xcdatamodeld;
			sourceTree = "<group>";
			versionGroupType = wrapper.xcdatamodel;
		};
/* End XCVersionGroup section */
	};
	rootObject = C58CFD2F2AC13C1D007D76F2 /* Project object */;
}
